
Microsoft Visual Studio Solution File, Format Version 12.00
# Visual Studio Version 17
VisualStudioVersion = 17.3.32929.385
MinimumVisualStudioVersion = 10.0.40219.1
Project("{FAE04EC0-301F-11D3-BF4B-00C04F79EFBC}") = "Tests", "Tests\Tests.csproj", "{EDE20E11-8910-43A5-829E-D68E92165D82}"
EndProject
Project("{FAE04EC0-301F-11D3-BF4B-00C04F79EFBC}") = "ManagedRunspacePool", "ManagedRunspacePool\ManagedRunspacePool.csproj", "{ABA698CC-8A63-43C8-8F44-3DAC31A24C40}"
EndProject
Global
	GlobalSection(SolutionConfigurationPlatforms) = preSolution
		Debug|Any CPU = Debug|Any CPU
		Release|Any CPU = Release|Any CPU
	EndGlobalSection
	GlobalSection(ProjectConfigurationPlatforms) = postSolution
		{EDE20E11-8910-43A5-829E-D68E92165D82}.Debug|Any CPU.ActiveCfg = Debug|Any CPU
		{EDE20E11-8910-43A5-829E-D68E92165D82}.Debug|Any CPU.Build.0 = Debug|Any CPU
		{EDE20E11-8910-43A5-829E-D68E92165D82}.Release|Any CPU.ActiveCfg = Release|Any CPU
		{EDE20E11-8910-43A5-829E-D68E92165D82}.Release|Any CPU.Build.0 = Release|Any CPU
		{ABA698CC-8A63-43C8-8F44-3DAC31A24C40}.Debug|Any CPU.ActiveCfg = Debug|Any CPU
		{ABA698CC-8A63-43C8-8F44-3DAC31A24C40}.Debug|Any CPU.Build.0 = Debug|Any CPU
		{ABA698CC-8A63-43C8-8F44-3DAC31A24C40}.Release|Any CPU.ActiveCfg = Release|Any CPU
		{ABA698CC-8A63-43C8-8F44-3DAC31A24C40}.Release|Any CPU.Build.0 = Release|Any CPU
	EndGlobalSection
	GlobalSection(SolutionProperties) = preSolution
		HideSolutionNode = FALSE
	EndGlobalSection
	GlobalSection(ExtensibilityGlobals) = postSolution
		SolutionGuid = {A91864F6-AEEB-4752-AF2F-06389A53BD83}
	EndGlobalSection
EndGlobal
